PODS:
  - CocoaLumberjack/Default (3.4.2)
  - CocoaLumberjack/Swift (3.4.2):
    - CocoaLumberjack/Default

DEPENDENCIES:
  - CocoaLumberjack/Swift (from `https://github.com/CocoaLumberjack/CocoaLumberjack`, branch `master`)

EXTERNAL SOURCES:
  CocoaLumberjack:
    :branch: master
    :git: https://github.com/CocoaLumberjack/CocoaLumberjack

CHECKOUT OPTIONS:
  CocoaLumberjack:
    :commit: 1f179500f326ee5e8be88d88face66c0b3533e17
    :git: https://github.com/CocoaLumberjack/CocoaLumberjack

SPEC CHECKSUMS:
  CocoaLumberjack: 431b5643a0fedb12c441344054d8d5a4aa7c217d

PODFILE CHECKSUM: 3e6bbfafebbd4c9b4b0345c1b98732b3f3016476

COCOAPODS: 1.3.1
