// !$*UTF8*$!
{
	archiveVersion = 1;
	classes = {
	};
	objectVersion = 48;
	objects = {

/* Begin PBXBuildFile section */
		B75AC566FFB87A04D5859229 /* Pods_AR_NavigationUITests.framework in Frameworks */ = {isa = PBXBuildFile; fileRef = 100C893C257ABDCB4C78A46A /* Pods_AR_NavigationUITests.framework */; };
		C15458921F5BA7D4001CF78A /* AppDelegate.swift in Sources */ = {isa = PBXBuildFile; fileRef = C15458911F5BA7D4001CF78A /* AppDelegate.swift */; };
		C15458971F5BA7D4001CF78A /* Main.storyboard in Resources */ = {isa = PBXBuildFile; fileRef = C15458951F5BA7D4001CF78A /* Main.storyboard */; };
		C15458991F5BA7D4001CF78A /* Assets.xcassets in Resources */ = {isa = PBXBuildFile; fileRef = C15458981F5BA7D4001CF78A /* Assets.xcassets */; };
		C154589C1F5BA7D4001CF78A /* LaunchScreen.storyboard in Resources */ = {isa = PBXBuildFile; fileRef = C154589A1F5BA7D4001CF78A /* LaunchScreen.storyboard */; };
		C15458A71F5BA7D4001CF78A /* AR_NavigationTests.swift in Sources */ = {isa = PBXBuildFile; fileRef = C15458A61F5BA7D4001CF78A /* AR_NavigationTests.swift */; };
		C15458B21F5BA7D4001CF78A /* AR_NavigationUITests.swift in Sources */ = {isa = PBXBuildFile; fileRef = C15458B11F5BA7D4001CF78A /* AR_NavigationUITests.swift */; };
		C15458C21F5BA88E001CF78A /* MapViewController.swift in Sources */ = {isa = PBXBuildFile; fileRef = C15458C11F5BA88E001CF78A /* MapViewController.swift */; };
		C15458C51F5BA92F001CF78A /* LocationTableViewController.swift in Sources */ = {isa = PBXBuildFile; fileRef = C15458C41F5BA92F001CF78A /* LocationTableViewController.swift */; };
		C15458C71F5BA959001CF78A /* Locations.swift in Sources */ = {isa = PBXBuildFile; fileRef = C15458C61F5BA958001CF78A /* Locations.swift */; };
		DA717B1C0EAD486D3A02804D /* Pods_AR_Navigation.framework in Frameworks */ = {isa = PBXBuildFile; fileRef = 63C8A3DCAED53BE7AA84A0AC /* Pods_AR_Navigation.framework */; };
		E45C9F6D864855C20A30E295 /* Pods_AR_NavigationTests.framework in Frameworks */ = {isa = PBXBuildFile; fileRef = 2F3A6D19052A86D0CEFE73A6 /* Pods_AR_NavigationTests.framework */; };
/* End PBXBuildFile section */

/* Begin PBXContainerItemProxy section */
		C15458A31F5BA7D4001CF78A /* PBXContainerItemProxy */ = {
			isa = PBXContainerItemProxy;
			containerPortal = C15458861F5BA7D4001CF78A /* Project object */;
			proxyType = 1;
			remoteGlobalIDString = C154588D1F5BA7D4001CF78A;
			remoteInfo = "AR Navigation";
		};
		C15458AE1F5BA7D4001CF78A /* PBXContainerItemProxy */ = {
			isa = PBXContainerItemProxy;
			containerPortal = C15458861F5BA7D4001CF78A /* Project object */;
			proxyType = 1;
			remoteGlobalIDString = C154588D1F5BA7D4001CF78A;
			remoteInfo = "AR Navigation";
		};
/* End PBXContainerItemProxy section */

/* Begin PBXFileReference section */
		100C893C257ABDCB4C78A46A /* Pods_AR_NavigationUITests.framework */ = {isa = PBXFileReference; explicitFileType = wrapper.framework; includeInIndex = 0; path = Pods_AR_NavigationUITests.framework; sourceTree = BUILT_PRODUCTS_DIR; };
		271424427E46215B1F6CD32F /* Pods-AR NavigationUITests.debug.xcconfig */ = {isa = PBXFileReference; includeInIndex = 1; lastKnownFileType = text.xcconfig; name = "Pods-AR NavigationUITests.debug.xcconfig"; path = "Pods/Target Support Files/Pods-AR NavigationUITests/Pods-AR NavigationUITests.debug.xcconfig"; sourceTree = "<group>"; };
		2F3A6D19052A86D0CEFE73A6 /* Pods_AR_NavigationTests.framework */ = {isa = PBXFileReference; explicitFileType = wrapper.framework; includeInIndex = 0; path = Pods_AR_NavigationTests.framework; sourceTree = BUILT_PRODUCTS_DIR; };
		46556826834FCCD0076BA8B3 /* Pods-AR Navigation.release.xcconfig */ = {isa = PBXFileReference; includeInIndex = 1; lastKnownFileType = text.xcconfig; name = "Pods-AR Navigation.release.xcconfig"; path = "Pods/Target Support Files/Pods-AR Navigation/Pods-AR Navigation.release.xcconfig"; sourceTree = "<group>"; };
		63C8A3DCAED53BE7AA84A0AC /* Pods_AR_Navigation.framework */ = {isa = PBXFileReference; explicitFileType = wrapper.framework; includeInIndex = 0; path = Pods_AR_Navigation.framework; sourceTree = BUILT_PRODUCTS_DIR; };
		A7DB8A303FA343DA4A5A4578 /* Pods-AR NavigationTests.debug.xcconfig */ = {isa = PBXFileReference; includeInIndex = 1; lastKnownFileType = text.xcconfig; name = "Pods-AR NavigationTests.debug.xcconfig"; path = "Pods/Target Support Files/Pods-AR NavigationTests/Pods-AR NavigationTests.debug.xcconfig"; sourceTree = "<group>"; };
		C154588E1F5BA7D4001CF78A /* AR Navigation.app */ = {isa = PBXFileReference; explicitFileType = wrapper.application; includeInIndex = 0; path = "AR Navigation.app"; sourceTree = BUILT_PRODUCTS_DIR; };
		C15458911F5BA7D4001CF78A /* AppDelegate.swift */ = {isa = PBXFileReference; lastKnownFileType = sourcecode.swift; path = AppDelegate.swift; sourceTree = "<group>"; };
		C15458961F5BA7D4001CF78A /* Base */ = {isa = PBXFileReference; lastKnownFileType = file.storyboard; name = Base; path = Base.lproj/Main.storyboard; sourceTree = "<group>"; };
		C15458981F5BA7D4001CF78A /* Assets.xcassets */ = {isa = PBXFileReference; lastKnownFileType = folder.assetcatalog; path = Assets.xcassets; sourceTree = "<group>"; };
		C154589B1F5BA7D4001CF78A /* Base */ = {isa = PBXFileReference; lastKnownFileType = file.storyboard; name = Base; path = Base.lproj/LaunchScreen.storyboard; sourceTree = "<group>"; };
		C154589D1F5BA7D4001CF78A /* Info.plist */ = {isa = PBXFileReference; lastKnownFileType = text.plist.xml; path = Info.plist; sourceTree = "<group>"; };
		C15458A21F5BA7D4001CF78A /* AR NavigationTests.xctest */ = {isa = PBXFileReference; explicitFileType = wrapper.cfbundle; includeInIndex = 0; path = "AR NavigationTests.xctest"; sourceTree = BUILT_PRODUCTS_DIR; };
		C15458A61F5BA7D4001CF78A /* AR_NavigationTests.swift */ = {isa = PBXFileReference; lastKnownFileType = sourcecode.swift; path = AR_NavigationTests.swift; sourceTree = "<group>"; };
		C15458A81F5BA7D4001CF78A /* Info.plist */ = {isa = PBXFileReference; lastKnownFileType = text.plist.xml; path = Info.plist; sourceTree = "<group>"; };
		C15458AD1F5BA7D4001CF78A /* AR NavigationUITests.xctest */ = {isa = PBXFileReference; explicitFileType = wrapper.cfbundle; includeInIndex = 0; path = "AR NavigationUITests.xctest"; sourceTree = BUILT_PRODUCTS_DIR; };
		C15458B11F5BA7D4001CF78A /* AR_NavigationUITests.swift */ = {isa = PBXFileReference; lastKnownFileType = sourcecode.swift; path = AR_NavigationUITests.swift; sourceTree = "<group>"; };
		C15458B31F5BA7D4001CF78A /* Info.plist */ = {isa = PBXFileReference; lastKnownFileType = text.plist.xml; path = Info.plist; sourceTree = "<group>"; };
		C15458C11F5BA88E001CF78A /* MapViewController.swift */ = {isa = PBXFileReference; lastKnownFileType = sourcecode.swift; path = MapViewController.swift; sourceTree = "<group>"; };
		C15458C41F5BA92F001CF78A /* LocationTableViewController.swift */ = {isa = PBXFileReference; lastKnownFileType = sourcecode.swift; path = LocationTableViewController.swift; sourceTree = "<group>"; };
		C15458C61F5BA958001CF78A /* Locations.swift */ = {isa = PBXFileReference; lastKnownFileType = sourcecode.swift; path = Locations.swift; sourceTree = "<group>"; };
		CD5CF26BCDA436E799052C86 /* Pods-AR NavigationTests.release.xcconfig */ = {isa = PBXFileReference; includeInIndex = 1; lastKnownFileType = text.xcconfig; name = "Pods-AR NavigationTests.release.xcconfig"; path = "Pods/Target Support Files/Pods-AR NavigationTests/Pods-AR NavigationTests.release.xcconfig"; sourceTree = "<group>"; };
		EB09F654667F729827B9C637 /* Pods-AR Navigation.debug.xcconfig */ = {isa = PBXFileReference; includeInIndex = 1; lastKnownFileType = text.xcconfig; name = "Pods-AR Navigation.debug.xcconfig"; path = "Pods/Target Support Files/Pods-AR Navigation/Pods-AR Navigation.debug.xcconfig"; sourceTree = "<group>"; };
		F33CF3A4D2BA467DB92178A3 /* Pods-AR NavigationUITests.release.xcconfig */ = {isa = PBXFileReference; includeInIndex = 1; lastKnownFileType = text.xcconfig; name = "Pods-AR NavigationUITests.release.xcconfig"; path = "Pods/Target Support Files/Pods-AR NavigationUITests/Pods-AR NavigationUITests.release.xcconfig"; sourceTree = "<group>"; };
/* End PBXFileReference section */

/* Begin PBXFrameworksBuildPhase section */
		C154588B1F5BA7D4001CF78A /* Frameworks */ = {
			isa = PBXFrameworksBuildPhase;
			buildActionMask = 2147483647;
			files = (
				DA717B1C0EAD486D3A02804D /* Pods_AR_Navigation.framework in Frameworks */,
			);
			runOnlyForDeploymentPostprocessing = 0;
		};
		C154589F1F5BA7D4001CF78A /* Frameworks */ = {
			isa = PBXFrameworksBuildPhase;
			buildActionMask = 2147483647;
			files = (
				E45C9F6D864855C20A30E295 /* Pods_AR_NavigationTests.framework in Frameworks */,
			);
			runOnlyForDeploymentPostprocessing = 0;
		};
		C15458AA1F5BA7D4001CF78A /* Frameworks */ = {
			isa = PBXFrameworksBuildPhase;
			buildActionMask = 2147483647;
			files = (
				B75AC566FFB87A04D5859229 /* Pods_AR_NavigationUITests.framework in Frameworks */,
			);
			runOnlyForDeploymentPostprocessing = 0;
		};
/* End PBXFrameworksBuildPhase section */

/* Begin PBXGroup section */
		28A0164AA252DB2D7DA256B0 /* Frameworks */ = {
			isa = PBXGroup;
			children = (
				63C8A3DCAED53BE7AA84A0AC /* Pods_AR_Navigation.framework */,
				2F3A6D19052A86D0CEFE73A6 /* Pods_AR_NavigationTests.framework */,
				100C893C257ABDCB4C78A46A /* Pods_AR_NavigationUITests.framework */,
			);
			name = Frameworks;
			sourceTree = "<group>";
		};
		749A9DB7292E95B00FE6F988 /* Pods */ = {
			isa = PBXGroup;
			children = (
				EB09F654667F729827B9C637 /* Pods-AR Navigation.debug.xcconfig */,
				46556826834FCCD0076BA8B3 /* Pods-AR Navigation.release.xcconfig */,
				A7DB8A303FA343DA4A5A4578 /* Pods-AR NavigationTests.debug.xcconfig */,
				CD5CF26BCDA436E799052C86 /* Pods-AR NavigationTests.release.xcconfig */,
				271424427E46215B1F6CD32F /* Pods-AR NavigationUITests.debug.xcconfig */,
				F33CF3A4D2BA467DB92178A3 /* Pods-AR NavigationUITests.release.xcconfig */,
			);
			name = Pods;
			sourceTree = "<group>";
		};
		C15458851F5BA7D4001CF78A = {
			isa = PBXGroup;
			children = (
				C15458901F5BA7D4001CF78A /* AR Navigation */,
				C15458A51F5BA7D4001CF78A /* AR NavigationTests */,
				C15458B01F5BA7D4001CF78A /* AR NavigationUITests */,
				C154588F1F5BA7D4001CF78A /* Products */,
				749A9DB7292E95B00FE6F988 /* Pods */,
				28A0164AA252DB2D7DA256B0 /* Frameworks */,
			);
			sourceTree = "<group>";
		};
		C154588F1F5BA7D4001CF78A /* Products */ = {
			isa = PBXGroup;
			children = (
				C154588E1F5BA7D4001CF78A /* AR Navigation.app */,
				C15458A21F5BA7D4001CF78A /* AR NavigationTests.xctest */,
				C15458AD1F5BA7D4001CF78A /* AR NavigationUITests.xctest */,
			);
			name = Products;
			sourceTree = "<group>";
		};
		C15458901F5BA7D4001CF78A /* AR Navigation */ = {
			isa = PBXGroup;
			children = (
				C15458C31F5BA897001CF78A /* Supporting Files */,
				C15458951F5BA7D4001CF78A /* Main.storyboard */,
				C15458C11F5BA88E001CF78A /* MapViewController.swift */,
				C15458C41F5BA92F001CF78A /* LocationTableViewController.swift */,
				C15458C61F5BA958001CF78A /* Locations.swift */,
				C154589D1F5BA7D4001CF78A /* Info.plist */,
			);
			path = "AR Navigation";
			sourceTree = "<group>";
		};
		C15458A51F5BA7D4001CF78A /* AR NavigationTests */ = {
			isa = PBXGroup;
			children = (
				C15458A61F5BA7D4001CF78A /* AR_NavigationTests.swift */,
				C15458A81F5BA7D4001CF78A /* Info.plist */,
			);
			path = "AR NavigationTests";
			sourceTree = "<group>";
		};
		C15458B01F5BA7D4001CF78A /* AR NavigationUITests */ = {
			isa = PBXGroup;
			children = (
				C15458B11F5BA7D4001CF78A /* AR_NavigationUITests.swift */,
				C15458B31F5BA7D4001CF78A /* Info.plist */,
			);
			path = "AR NavigationUITests";
			sourceTree = "<group>";
		};
		C15458C31F5BA897001CF78A /* Supporting Files */ = {
			isa = PBXGroup;
			children = (
				C15458911F5BA7D4001CF78A /* AppDelegate.swift */,
				C15458981F5BA7D4001CF78A /* Assets.xcassets */,
				C154589A1F5BA7D4001CF78A /* LaunchScreen.storyboard */,
			);
			path = "Supporting Files";
			sourceTree = "<group>";
		};
/* End PBXGroup section */

/* Begin PBXNativeTarget section */
		C154588D1F5BA7D4001CF78A /* AR Navigation */ = {
			isa = PBXNativeTarget;
			buildConfigurationList = C15458B61F5BA7D4001CF78A /* Build configuration list for PBXNativeTarget "AR Navigation" */;
			buildPhases = (
				380E6EB56657D7F497B2A38F /* [CP] Check Pods Manifest.lock */,
				C154588A1F5BA7D4001CF78A /* Sources */,
				C154588B1F5BA7D4001CF78A /* Frameworks */,
				C154588C1F5BA7D4001CF78A /* Resources */,
				9F9451ABF9385C159E7A57AC /* [CP] Embed Pods Frameworks */,
				222A1C80D3F425FEF02F87A9 /* [CP] Copy Pods Resources */,
			);
			buildRules = (
			);
			dependencies = (
			);
			name = "AR Navigation";
			productName = "AR Navigation";
			productReference = C154588E1F5BA7D4001CF78A /* AR Navigation.app */;
			productType = "com.apple.product-type.application";
		};
		C15458A11F5BA7D4001CF78A /* AR NavigationTests */ = {
			isa = PBXNativeTarget;
			buildConfigurationList = C15458B91F5BA7D4001CF78A /* Build configuration list for PBXNativeTarget "AR NavigationTests" */;
			buildPhases = (
				D8E3D4725B4EC51E208B61CB /* [CP] Check Pods Manifest.lock */,
				C154589E1F5BA7D4001CF78A /* Sources */,
				C154589F1F5BA7D4001CF78A /* Frameworks */,
				C15458A01F5BA7D4001CF78A /* Resources */,
				DFE16868504AFD6BE6338F7F /* [CP] Embed Pods Frameworks */,
				BBCA4A7853BA044FC5F3D044 /* [CP] Copy Pods Resources */,
			);
			buildRules = (
			);
			dependencies = (
				C15458A41F5BA7D4001CF78A /* PBXTargetDependency */,
			);
			name = "AR NavigationTests";
			productName = "AR NavigationTests";
			productReference = C15458A21F5BA7D4001CF78A /* AR NavigationTests.xctest */;
			productType = "com.apple.product-type.bundle.unit-test";
		};
		C15458AC1F5BA7D4001CF78A /* AR NavigationUITests */ = {
			isa = PBXNativeTarget;
			buildConfigurationList = C15458BC1F5BA7D4001CF78A /* Build configuration list for PBXNativeTarget "AR NavigationUITests" */;
			buildPhases = (
				91DA2B6A5902EA50BA984F44 /* [CP] Check Pods Manifest.lock */,
				C15458A91F5BA7D4001CF78A /* Sources */,
				C15458AA1F5BA7D4001CF78A /* Frameworks */,
				C15458AB1F5BA7D4001CF78A /* Resources */,
				6E33A720FAC2B7B751C525E2 /* [CP] Embed Pods Frameworks */,
				127211D755D775E0D3C1CEE9 /* [CP] Copy Pods Resources */,
			);
			buildRules = (
			);
			dependencies = (
				C15458AF1F5BA7D4001CF78A /* PBXTargetDependency */,
			);
			name = "AR NavigationUITests";
			productName = "AR NavigationUITests";
			productReference = C15458AD1F5BA7D4001CF78A /* AR NavigationUITests.xctest */;
			productType = "com.apple.product-type.bundle.ui-testing";
		};
/* End PBXNativeTarget section */

/* Begin PBXProject section */
		C15458861F5BA7D4001CF78A /* Project object */ = {
			isa = PBXProject;
			attributes = {
				LastSwiftUpdateCheck = 0900;
				LastUpgradeCheck = 0900;
				ORGANIZATIONNAME = "Chris Wang";
				TargetAttributes = {
					C154588D1F5BA7D4001CF78A = {
						CreatedOnToolsVersion = 9.0;
						ProvisioningStyle = Automatic;
					};
					C15458A11F5BA7D4001CF78A = {
						CreatedOnToolsVersion = 9.0;
						ProvisioningStyle = Automatic;
						TestTargetID = C154588D1F5BA7D4001CF78A;
					};
					C15458AC1F5BA7D4001CF78A = {
						CreatedOnToolsVersion = 9.0;
						ProvisioningStyle = Automatic;
						TestTargetID = C154588D1F5BA7D4001CF78A;
					};
				};
			};
			buildConfigurationList = C15458891F5BA7D4001CF78A /* Build configuration list for PBXProject "AR Navigation" */;
			compatibilityVersion = "Xcode 8.0";
			developmentRegion = en;
			hasScannedForEncodings = 0;
			knownRegions = (
				en,
				Base,
			);
			mainGroup = C15458851F5BA7D4001CF78A;
			productRefGroup = C154588F1F5BA7D4001CF78A /* Products */;
			projectDirPath = "";
			projectRoot = "";
			targets = (
				C154588D1F5BA7D4001CF78A /* AR Navigation */,
				C15458A11F5BA7D4001CF78A /* AR NavigationTests */,
				C15458AC1F5BA7D4001CF78A /* AR NavigationUITests */,
			);
		};
/* End PBXProject section */

/* Begin PBXResourcesBuildPhase section */
		C154588C1F5BA7D4001CF78A /* Resources */ = {
			isa = PBXResourcesBuildPhase;
			buildActionMask = 2147483647;
			files = (
				C154589C1F5BA7D4001CF78A /* LaunchScreen.storyboard in Resources */,
				C15458991F5BA7D4001CF78A /* Assets.xcassets in Resources */,
				C15458971F5BA7D4001CF78A /* Main.storyboard in Resources */,
			);
			runOnlyForDeploymentPostprocessing = 0;
		};
		C15458A01F5BA7D4001CF78A /* Resources */ = {
			isa = PBXResourcesBuildPhase;
			buildActionMask = 2147483647;
			files = (
			);
			runOnlyForDeploymentPostprocessing = 0;
		};
		C15458AB1F5BA7D4001CF78A /* Resources */ = {
			isa = PBXResourcesBuildPhase;
			buildActionMask = 2147483647;
			files = (
			);
			runOnlyForDeploymentPostprocessing = 0;
		};
/* End PBXResourcesBuildPhase section */

/* Begin PBXShellScriptBuildPhase section */
		127211D755D775E0D3C1CEE9 /* [CP] Copy Pods Resources */ = {
			isa = PBXShellScriptBuildPhase;
			buildActionMask = 2147483647;
			files = (
			);
			inputPaths = (
			);
			name = "[CP] Copy Pods Resources";
			outputPaths = (
			);
			runOnlyForDeploymentPostprocessing = 0;
			shellPath = /bin/sh;
			shellScript = "\"${SRCROOT}/Pods/Target Support Files/Pods-AR NavigationUITests/Pods-AR NavigationUITests-resources.sh\"\n";
			showEnvVarsInLog = 0;
		};
		222A1C80D3F425FEF02F87A9 /* [CP] Copy Pods Resources */ = {
			isa = PBXShellScriptBuildPhase;
			buildActionMask = 2147483647;
			files = (
			);
			inputPaths = (
			);
			name = "[CP] Copy Pods Resources";
			outputPaths = (
			);
			runOnlyForDeploymentPostprocessing = 0;
			shellPath = /bin/sh;
			shellScript = "\"${SRCROOT}/Pods/Target Support Files/Pods-AR Navigation/Pods-AR Navigation-resources.sh\"\n";
			showEnvVarsInLog = 0;
		};
		380E6EB56657D7F497B2A38F /* [CP] Check Pods Manifest.lock */ = {
			isa = PBXShellScriptBuildPhase;
			buildActionMask = 2147483647;
			files = (
			);
			inputPaths = (
			);
			name = "[CP] Check Pods Manifest.lock";
			outputPaths = (
			);
			runOnlyForDeploymentPostprocessing = 0;
			shellPath = /bin/sh;
			shellScript = "diff \"${PODS_ROOT}/../Podfile.lock\" \"${PODS_ROOT}/Manifest.lock\" > /dev/null\nif [ $? != 0 ] ; then\n    # print error to STDERR\n    echo \"error: The sandbox is not in sync with the Podfile.lock. Run 'pod install' or update your CocoaPods installation.\" >&2\n    exit 1\nfi\n";
			showEnvVarsInLog = 0;
		};
		6E33A720FAC2B7B751C525E2 /* [CP] Embed Pods Frameworks */ = {
			isa = PBXShellScriptBuildPhase;
			buildActionMask = 2147483647;
			files = (
			);
			inputPaths = (
			);
			name = "[CP] Embed Pods Frameworks";
			outputPaths = (
			);
			runOnlyForDeploymentPostprocessing = 0;
			shellPath = /bin/sh;
			shellScript = "\"${SRCROOT}/Pods/Target Support Files/Pods-AR NavigationUITests/Pods-AR NavigationUITests-frameworks.sh\"\n";
			showEnvVarsInLog = 0;
		};
		91DA2B6A5902EA50BA984F44 /* [CP] Check Pods Manifest.lock */ = {
			isa = PBXShellScriptBuildPhase;
			buildActionMask = 2147483647;
			files = (
			);
			inputPaths = (
			);
			name = "[CP] Check Pods Manifest.lock";
			outputPaths = (
			);
			runOnlyForDeploymentPostprocessing = 0;
			shellPath = /bin/sh;
			shellScript = "diff \"${PODS_ROOT}/../Podfile.lock\" \"${PODS_ROOT}/Manifest.lock\" > /dev/null\nif [ $? != 0 ] ; then\n    # print error to STDERR\n    echo \"error: The sandbox is not in sync with the Podfile.lock. Run 'pod install' or update your CocoaPods installation.\" >&2\n    exit 1\nfi\n";
			showEnvVarsInLog = 0;
		};
		9F9451ABF9385C159E7A57AC /* [CP] Embed Pods Frameworks */ = {
			isa = PBXShellScriptBuildPhase;
			buildActionMask = 2147483647;
			files = (
			);
			inputPaths = (
			);
			name = "[CP] Embed Pods Frameworks";
			outputPaths = (
			);
			runOnlyForDeploymentPostprocessing = 0;
			shellPath = /bin/sh;
			shellScript = "\"${SRCROOT}/Pods/Target Support Files/Pods-AR Navigation/Pods-AR Navigation-frameworks.sh\"\n";
			showEnvVarsInLog = 0;
		};
		BBCA4A7853BA044FC5F3D044 /* [CP] Copy Pods Resources */ = {
			isa = PBXShellScriptBuildPhase;
			buildActionMask = 2147483647;
			files = (
			);
			inputPaths = (
			);
			name = "[CP] Copy Pods Resources";
			outputPaths = (
			);
			runOnlyForDeploymentPostprocessing = 0;
			shellPath = /bin/sh;
			shellScript = "\"${SRCROOT}/Pods/Target Support Files/Pods-AR NavigationTests/Pods-AR NavigationTests-resources.sh\"\n";
			showEnvVarsInLog = 0;
		};
		D8E3D4725B4EC51E208B61CB /* [CP] Check Pods Manifest.lock */ = {
			isa = PBXShellScriptBuildPhase;
			buildActionMask = 2147483647;
			files = (
			);
			inputPaths = (
			);
			name = "[CP] Check Pods Manifest.lock";
			outputPaths = (
			);
			runOnlyForDeploymentPostprocessing = 0;
			shellPath = /bin/sh;
			shellScript = "diff \"${PODS_ROOT}/../Podfile.lock\" \"${PODS_ROOT}/Manifest.lock\" > /dev/null\nif [ $? != 0 ] ; then\n    # print error to STDERR\n    echo \"error: The sandbox is not in sync with the Podfile.lock. Run 'pod install' or update your CocoaPods installation.\" >&2\n    exit 1\nfi\n";
			showEnvVarsInLog = 0;
		};
		DFE16868504AFD6BE6338F7F /* [CP] Embed Pods Frameworks */ = {
			isa = PBXShellScriptBuildPhase;
			buildActionMask = 2147483647;
			files = (
			);
			inputPaths = (
			);
			name = "[CP] Embed Pods Frameworks";
			outputPaths = (
			);
			runOnlyForDeploymentPostprocessing = 0;
			shellPath = /bin/sh;
			shellScript = "\"${SRCROOT}/Pods/Target Support Files/Pods-AR NavigationTests/Pods-AR NavigationTests-frameworks.sh\"\n";
			showEnvVarsInLog = 0;
		};
/* End PBXShellScriptBuildPhase section */

/* Begin PBXSourcesBuildPhase section */
		C154588A1F5BA7D4001CF78A /* Sources */ = {
			isa = PBXSourcesBuildPhase;
			buildActionMask = 2147483647;
			files = (
				C15458921F5BA7D4001CF78A /* AppDelegate.swift in Sources */,
				C15458C21F5BA88E001CF78A /* MapViewController.swift in Sources */,
				C15458C71F5BA959001CF78A /* Locations.swift in Sources */,
				C15458C51F5BA92F001CF78A /* LocationTableViewController.swift in Sources */,
			);
			runOnlyForDeploymentPostprocessing = 0;
		};
		C154589E1F5BA7D4001CF78A /* Sources */ = {
			isa = PBXSourcesBuildPhase;
			buildActionMask = 2147483647;
			files = (
				C15458A71F5BA7D4001CF78A /* AR_NavigationTests.swift in Sources */,
			);
			runOnlyForDeploymentPostprocessing = 0;
		};
		C15458A91F5BA7D4001CF78A /* Sources */ = {
			isa = PBXSourcesBuildPhase;
			buildActionMask = 2147483647;
			files = (
				C15458B21F5BA7D4001CF78A /* AR_NavigationUITests.swift in Sources */,
			);
			runOnlyForDeploymentPostprocessing = 0;
		};
/* End PBXSourcesBuildPhase section */

/* Begin PBXTargetDependency section */
		C15458A41F5BA7D4001CF78A /* PBXTargetDependency */ = {
			isa = PBXTargetDependency;
			target = C154588D1F5BA7D4001CF78A /* AR Navigation */;
			targetProxy = C15458A31F5BA7D4001CF78A /* PBXContainerItemProxy */;
		};
		C15458AF1F5BA7D4001CF78A /* PBXTargetDependency */ = {
			isa = PBXTargetDependency;
			target = C154588D1F5BA7D4001CF78A /* AR Navigation */;
			targetProxy = C15458AE1F5BA7D4001CF78A /* PBXContainerItemProxy */;
		};
/* End PBXTargetDependency section */

/* Begin PBXVariantGroup section */
		C15458951F5BA7D4001CF78A /* Main.storyboard */ = {
			isa = PBXVariantGroup;
			children = (
				C15458961F5BA7D4001CF78A /* Base */,
			);
			name = Main.storyboard;
			sourceTree = "<group>";
		};
		C154589A1F5BA7D4001CF78A /* LaunchScreen.storyboard */ = {
			isa = PBXVariantGroup;
			children = (
				C154589B1F5BA7D4001CF78A /* Base */,
			);
			name = LaunchScreen.storyboard;
			sourceTree = "<group>";
		};
/* End PBXVariantGroup section */

/* Begin XCBuildConfiguration section */
		C15458B41F5BA7D4001CF78A /* Debug */ = {
			isa = XCBuildConfiguration;
			buildSettings = {
				ALWAYS_SEARCH_USER_PATHS = NO;
				CLANG_ANALYZER_NONNULL = YES;
				CLANG_ANALYZER_NUMBER_OBJECT_CONVERSION = YES_AGGRESSIVE;
				CLANG_CXX_LANGUAGE_STANDARD = "gnu++14";
				CLANG_CXX_LIBRARY = "libc++";
				CLANG_ENABLE_MODULES = YES;
				CLANG_ENABLE_OBJC_ARC = YES;
				CLANG_WARN_BLOCK_CAPTURE_AUTORELEASING = YES;
				CLANG_WARN_BOOL_CONVERSION = YES;
				CLANG_WARN_COMMA = YES;
				CLANG_WARN_CONSTANT_CONVERSION = YES;
				CLANG_WARN_DIRECT_OBJC_ISA_USAGE = YES_ERROR;
				CLANG_WARN_DOCUMENTATION_COMMENTS = YES;
				CLANG_WARN_EMPTY_BODY = YES;
				CLANG_WARN_ENUM_CONVERSION = YES;
				CLANG_WARN_INFINITE_RECURSION = YES;
				CLANG_WARN_INT_CONVERSION = YES;
				CLANG_WARN_NON_LITERAL_NULL_CONVERSION = YES;
				CLANG_WARN_OBJC_LITERAL_CONVERSION = YES;
				CLANG_WARN_OBJC_ROOT_CLASS = YES_ERROR;
				CLANG_WARN_RANGE_LOOP_ANALYSIS = YES;
				CLANG_WARN_STRICT_PROTOTYPES = YES;
				CLANG_WARN_SUSPICIOUS_MOVE = YES;
				CLANG_WARN_UNGUARDED_AVAILABILITY = YES_AGGRESSIVE;
				CLANG_WARN_UNREACHABLE_CODE = YES;
				CLANG_WARN__DUPLICATE_METHOD_MATCH = YES;
				CODE_SIGN_IDENTITY = "iPhone Developer";
				COPY_PHASE_STRIP = NO;
				DEBUG_INFORMATION_FORMAT = dwarf;
				ENABLE_STRICT_OBJC_MSGSEND = YES;
				ENABLE_TESTABILITY = YES;
				GCC_C_LANGUAGE_STANDARD = gnu11;
				GCC_DYNAMIC_NO_PIC = NO;
				GCC_NO_COMMON_BLOCKS = YES;
				GCC_OPTIMIZATION_LEVEL = 0;
				GCC_PREPROCESSOR_DEFINITIONS = (
					"DEBUG=1",
					"$(inherited)",
				);
				GCC_WARN_64_TO_32_BIT_CONVERSION = YES;
				GCC_WARN_ABOUT_RETURN_TYPE = YES_ERROR;
				GCC_WARN_UNDECLARED_SELECTOR = YES;
				GCC_WARN_UNINITIALIZED_AUTOS = YES_AGGRESSIVE;
				GCC_WARN_UNUSED_FUNCTION = YES;
				GCC_WARN_UNUSED_VARIABLE = YES;
				IPHONEOS_DEPLOYMENT_TARGET = 11.0;
				MTL_ENABLE_DEBUG_INFO = YES;
				ONLY_ACTIVE_ARCH = YES;
				SDKROOT = iphoneos;
				SWIFT_ACTIVE_COMPILATION_CONDITIONS = DEBUG;
				SWIFT_OPTIMIZATION_LEVEL = "-Onone";
			};
			name = Debug;
		};
		C15458B51F5BA7D4001CF78A /* Release */ = {
			isa = XCBuildConfiguration;
			buildSettings = {
				ALWAYS_SEARCH_USER_PATHS = NO;
				CLANG_ANALYZER_NONNULL = YES;
				CLANG_ANALYZER_NUMBER_OBJECT_CONVERSION = YES_AGGRESSIVE;
				CLANG_CXX_LANGUAGE_STANDARD = "gnu++14";
				CLANG_CXX_LIBRARY = "libc++";
				CLANG_ENABLE_MODULES = YES;
				CLANG_ENABLE_OBJC_ARC = YES;
				CLANG_WARN_BLOCK_CAPTURE_AUTORELEASING = YES;
				CLANG_WARN_BOOL_CONVERSION = YES;
				CLANG_WARN_COMMA = YES;
				CLANG_WARN_CONSTANT_CONVERSION = YES;
				CLANG_WARN_DIRECT_OBJC_ISA_USAGE = YES_ERROR;
				CLANG_WARN_DOCUMENTATION_COMMENTS = YES;
				CLANG_WARN_EMPTY_BODY = YES;
				CLANG_WARN_ENUM_CONVERSION = YES;
				CLANG_WARN_INFINITE_RECURSION = YES;
				CLANG_WARN_INT_CONVERSION = YES;
				CLANG_WARN_NON_LITERAL_NULL_CONVERSION = YES;
				CLANG_WARN_OBJC_LITERAL_CONVERSION = YES;
				CLANG_WARN_OBJC_ROOT_CLASS = YES_ERROR;
				CLANG_WARN_RANGE_LOOP_ANALYSIS = YES;
				CLANG_WARN_STRICT_PROTOTYPES = YES;
				CLANG_WARN_SUSPICIOUS_MOVE = YES;
				CLANG_WARN_UNGUARDED_AVAILABILITY = YES_AGGRESSIVE;
				CLANG_WARN_UNREACHABLE_CODE = YES;
				CLANG_WARN__DUPLICATE_METHOD_MATCH = YES;
				CODE_SIGN_IDENTITY = "iPhone Developer";
				COPY_PHASE_STRIP = NO;
				DEBUG_INFORMATION_FORMAT = "dwarf-with-dsym";
				ENABLE_NS_ASSERTIONS = NO;
				ENABLE_STRICT_OBJC_MSGSEND = YES;
				GCC_C_LANGUAGE_STANDARD = gnu11;
				GCC_NO_COMMON_BLOCKS = YES;
				GCC_WARN_64_TO_32_BIT_CONVERSION = YES;
				GCC_WARN_ABOUT_RETURN_TYPE = YES_ERROR;
				GCC_WARN_UNDECLARED_SELECTOR = YES;
				GCC_WARN_UNINITIALIZED_AUTOS = YES_AGGRESSIVE;
				GCC_WARN_UNUSED_FUNCTION = YES;
				GCC_WARN_UNUSED_VARIABLE = YES;
				IPHONEOS_DEPLOYMENT_TARGET = 11.0;
				MTL_ENABLE_DEBUG_INFO = NO;
				SDKROOT = iphoneos;
				SWIFT_OPTIMIZATION_LEVEL = "-Owholemodule";
				VALIDATE_PRODUCT = YES;
			};
			name = Release;
		};
		C15458B71F5BA7D4001CF78A /* Debug */ = {
			isa = XCBuildConfiguration;
			baseConfigurationReference = EB09F654667F729827B9C637 /* Pods-AR Navigation.debug.xcconfig */;
			buildSettings = {
				ASSETCATALOG_COMPILER_APPICON_NAME = AppIcon;
				CODE_SIGN_STYLE = Automatic;
				DEVELOPMENT_TEAM = SM2R6CMMFK;
				INFOPLIST_FILE = "AR Navigation/Info.plist";
				LD_RUNPATH_SEARCH_PATHS = "$(inherited) @executable_path/Frameworks";
				PRODUCT_BUNDLE_IDENTIFIER = "-.AR-Navigation";
				PRODUCT_NAME = "$(TARGET_NAME)";
				SWIFT_VERSION = 4.0;
				TARGETED_DEVICE_FAMILY = "1,2";
			};
			name = Debug;
		};
		C15458B81F5BA7D4001CF78A /* Release */ = {
			isa = XCBuildConfiguration;
			baseConfigurationReference = 46556826834FCCD0076BA8B3 /* Pods-AR Navigation.release.xcconfig */;
			buildSettings = {
				ASSETCATALOG_COMPILER_APPICON_NAME = AppIcon;
				CODE_SIGN_STYLE = Automatic;
				DEVELOPMENT_TEAM = SM2R6CMMFK;
				INFOPLIST_FILE = "AR Navigation/Info.plist";
				LD_RUNPATH_SEARCH_PATHS = "$(inherited) @executable_path/Frameworks";
				PRODUCT_BUNDLE_IDENTIFIER = "-.AR-Navigation";
				PRODUCT_NAME = "$(TARGET_NAME)";
				SWIFT_VERSION = 4.0;
				TARGETED_DEVICE_FAMILY = "1,2";
			};
			name = Release;
		};
		C15458BA1F5BA7D4001CF78A /* Debug */ = {
			isa = XCBuildConfiguration;
			baseConfigurationReference = A7DB8A303FA343DA4A5A4578 /* Pods-AR NavigationTests.debug.xcconfig */;
			buildSettings = {
				ALWAYS_EMBED_SWIFT_STANDARD_LIBRARIES = YES;
				BUNDLE_LOADER = "$(TEST_HOST)";
				CODE_SIGN_STYLE = Automatic;
				INFOPLIST_FILE = "AR NavigationTests/Info.plist";
				LD_RUNPATH_SEARCH_PATHS = "$(inherited) @executable_path/Frameworks @loader_path/Frameworks";
				PRODUCT_BUNDLE_IDENTIFIER = "-.AR-NavigationTests";
				PRODUCT_NAME = "$(TARGET_NAME)";
				SWIFT_VERSION = 4.0;
				TARGETED_DEVICE_FAMILY = "1,2";
				TEST_HOST = "$(BUILT_PRODUCTS_DIR)/AR Navigation.app/AR Navigation";
			};
			name = Debug;
		};
		C15458BB1F5BA7D4001CF78A /* Release */ = {
			isa = XCBuildConfiguration;
			baseConfigurationReference = CD5CF26BCDA436E799052C86 /* Pods-AR NavigationTests.release.xcconfig */;
			buildSettings = {
				ALWAYS_EMBED_SWIFT_STANDARD_LIBRARIES = YES;
				BUNDLE_LOADER = "$(TEST_HOST)";
				CODE_SIGN_STYLE = Automatic;
				INFOPLIST_FILE = "AR NavigationTests/Info.plist";
				LD_RUNPATH_SEARCH_PATHS = "$(inherited) @executable_path/Frameworks @loader_path/Frameworks";
				PRODUCT_BUNDLE_IDENTIFIER = "-.AR-NavigationTests";
				PRODUCT_NAME = "$(TARGET_NAME)";
				SWIFT_VERSION = 4.0;
				TARGETED_DEVICE_FAMILY = "1,2";
				TEST_HOST = "$(BUILT_PRODUCTS_DIR)/AR Navigation.app/AR Navigation";
			};
			name = Release;
		};
		C15458BD1F5BA7D4001CF78A /* Debug */ = {
			isa = XCBuildConfiguration;
			baseConfigurationReference = 271424427E46215B1F6CD32F /* Pods-AR NavigationUITests.debug.xcconfig */;
			buildSettings = {
				ALWAYS_EMBED_SWIFT_STANDARD_LIBRARIES = YES;
				CODE_SIGN_STYLE = Automatic;
				INFOPLIST_FILE = "AR NavigationUITests/Info.plist";
				LD_RUNPATH_SEARCH_PATHS = "$(inherited) @executable_path/Frameworks @loader_path/Frameworks";
				PRODUCT_BUNDLE_IDENTIFIER = "-.AR-NavigationUITests";
				PRODUCT_NAME = "$(TARGET_NAME)";
				SWIFT_VERSION = 4.0;
				TARGETED_DEVICE_FAMILY = "1,2";
				TEST_TARGET_NAME = "AR Navigation";
			};
			name = Debug;
		};
		C15458BE1F5BA7D4001CF78A /* Release */ = {
			isa = XCBuildConfiguration;
			baseConfigurationReference = F33CF3A4D2BA467DB92178A3 /* Pods-AR NavigationUITests.release.xcconfig */;
			buildSettings = {
				ALWAYS_EMBED_SWIFT_STANDARD_LIBRARIES = YES;
				CODE_SIGN_STYLE = Automatic;
				INFOPLIST_FILE = "AR NavigationUITests/Info.plist";
				LD_RUNPATH_SEARCH_PATHS = "$(inherited) @executable_path/Frameworks @loader_path/Frameworks";
				PRODUCT_BUNDLE_IDENTIFIER = "-.AR-NavigationUITests";
				PRODUCT_NAME = "$(TARGET_NAME)";
				SWIFT_VERSION = 4.0;
				TARGETED_DEVICE_FAMILY = "1,2";
				TEST_TARGET_NAME = "AR Navigation";
			};
			name = Release;
		};
/* End XCBuildConfiguration section */

/* Begin XCConfigurationList section */
		C15458891F5BA7D4001CF78A /* Build configuration list for PBXProject "AR Navigation" */ = {
			isa = XCConfigurationList;
			buildConfigurations = (
				C15458B41F5BA7D4001CF78A /* Debug */,
				C15458B51F5BA7D4001CF78A /* Release */,
			);
			defaultConfigurationIsVisible = 0;
			defaultConfigurationName = Release;
		};
		C15458B61F5BA7D4001CF78A /* Build configuration list for PBXNativeTarget "AR Navigation" */ = {
			isa = XCConfigurationList;
			buildConfigurations = (
				C15458B71F5BA7D4001CF78A /* Debug */,
				C15458B81F5BA7D4001CF78A /* Release */,
			);
			defaultConfigurationIsVisible = 0;
			defaultConfigurationName = Release;
		};
		C15458B91F5BA7D4001CF78A /* Build configuration list for PBXNativeTarget "AR NavigationTests" */ = {
			isa = XCConfigurationList;
			buildConfigurations = (
				C15458BA1F5BA7D4001CF78A /* Debug */,
				C15458BB1F5BA7D4001CF78A /* Release */,
			);
			defaultConfigurationIsVisible = 0;
			defaultConfigurationName = Release;
		};
		C15458BC1F5BA7D4001CF78A /* Build configuration list for PBXNativeTarget "AR NavigationUITests" */ = {
			isa = XCConfigurationList;
			buildConfigurations = (
				C15458BD1F5BA7D4001CF78A /* Debug */,
				C15458BE1F5BA7D4001CF78A /* Release */,
			);
			defaultConfigurationIsVisible = 0;
			defaultConfigurationName = Release;
		};
/* End XCConfigurationList section */
	};
	rootObject = C15458861F5BA7D4001CF78A /* Project object */;
}
